<Solution>
    <Project Path="src/PanguEngine.App/PanguEngine.App.csproj"/>
    <Project Path="src/PanguEngine/PanguEngine.csproj"/>
    <Project Path="test/PanguEngine.Tests/PanguEngine.Tests.csproj"/>
    <Project Path="test/PanguEngine.Client.Tests/PanguEngine.Client.Tests.csproj"/>
    <Project Path="test/PanguEngine.Client.Tests.BufferLifecycle/PanguEngine.Client.Tests.BufferLifecycle.csproj"/>
    <Project Path="test/PanguEngine.Client.Tests.BufferUpload/PanguEngine.Client.Tests.BufferUpload.csproj"/>
    <Project Path="test/PanguEngine.Client.Tests.Clear/PanguEngine.Client.Tests.Clear.csproj"/>
    <Project Path="test/PanguEngine.Client.Tests.IndexedQuad/PanguEngine.Client.Tests.IndexedQuad.csproj"/>
    <Project
            Path="test/PanguEngine.Client.Tests.TextureCubeMapUpload/PanguEngine.Client.Tests.TextureCubeMapUpload.csproj"/>
    <Project Path="test/PanguEngine.Client.Tests.TextureMipUpload/PanguEngine.Client.Tests.TextureMipUpload.csproj"/>
    <Project
            Path="test/PanguEngine.Client.Tests.TextureGeneratedMipmaps/PanguEngine.Client.Tests.TextureGeneratedMipmaps.csproj"/>
    <Project
            Path="test/PanguEngine.Client.Tests.TextureRegionUpload/PanguEngine.Client.Tests.TextureRegionUpload.csproj"/>
    <Project Path="test/PanguEngine.Client.Tests.Texture/PanguEngine.Client.Tests.Texture.csproj"/>
    <Project Path="test/PanguEngine.Client.Tests.Triangle/PanguEngine.Client.Tests.Triangle.csproj"/>
    <Project Path="test/PanguEngine.Client.Tests.UniformBuffer/PanguEngine.Client.Tests.UniformBuffer.csproj"/>
    <Project Path="test/PanguEngine.Client.Tests.MultiWindow/PanguEngine.Client.Tests.MultiWindow.csproj"/>
    <Project Path="test/PanguEngine.Client.Tests.WindowMode/PanguEngine.Client.Tests.WindowMode.csproj"/>
</Solution>
