<Solution>
  <Project Path="src/PanguEngine.Launcher/PanguEngine.Launcher.csproj" />
  <Project Path="src/PanguEngine/PanguEngine.csproj" />
  <Project Path="test/PanguEngine.Graphics.Test/PanguEngine.Graphics.Test.csproj"/>
  <Project Path="test/PanguEngine.Graphics.Test.BufferLifecycle/PanguEngine.Graphics.Test.BufferLifecycle.csproj"/>
  <Project Path="test/PanguEngine.Graphics.Test.BufferUpload/PanguEngine.Graphics.Test.BufferUpload.csproj"/>
  <Project Path="test/PanguEngine.Graphics.Test.Clear/PanguEngine.Graphics.Test.Clear.csproj"/>
  <Project Path="test/PanguEngine.Graphics.Test.Triangle/PanguEngine.Graphics.Test.Triangle.csproj"/>
  <Project Path="test/PanguEngine.Graphics.Test.UniformBuffer/PanguEngine.Graphics.Test.UniformBuffer.csproj"/>
</Solution>
